Microsoft Visual Studio Solution File, Format Version 12.00
# Visual Studio 2012
Project("{FAE04EC0-301F-11D3-BF4B-00C04F79EFBC}") = "galatime-project", "galatime-project.csproj", "{026AB208-9A87-456C-8F38-D6FF7607FFFF}"
EndProject
Global
	GlobalSection(SolutionConfigurationPlatforms) = preSolution
	Debug|Any CPU = Debug|Any CPU
	ExportDebug|Any CPU = ExportDebug|Any CPU
	ExportRelease|Any CPU = ExportRelease|Any CPU
	EndGlobalSection
	GlobalSection(ProjectConfigurationPlatforms) = postSolution
		{026AB208-9A87-456C-8F38-D6FF7607FFFF}.Debug|Any CPU.ActiveCfg = Debug|Any CPU
		{026AB208-9A87-456C-8F38-D6FF7607FFFF}.Debug|Any CPU.Build.0 = Debug|Any CPU
		{026AB208-9A87-456C-8F38-D6FF7607FFFF}.ExportDebug|Any CPU.ActiveCfg = ExportDebug|Any CPU
		{026AB208-9A87-456C-8F38-D6FF7607FFFF}.ExportDebug|Any CPU.Build.0 = ExportDebug|Any CPU
		{026AB208-9A87-456C-8F38-D6FF7607FFFF}.ExportRelease|Any CPU.ActiveCfg = ExportRelease|Any CPU
		{026AB208-9A87-456C-8F38-D6FF7607FFFF}.ExportRelease|Any CPU.Build.0 = ExportRelease|Any CPU
	EndGlobalSection
EndGlobal
